
Microsoft Visual Studio Solution File, Format Version 12.00
# Visual Studio Version 16
VisualStudioVersion = 16.0.28803.916
MinimumVisualStudioVersion = 10.0.40219.1
Project("{FAE04EC0-301F-11D3-BF4B-00C04F79EFBC}") = "Projeto4", "Projeto4\Projeto4.csproj", "{ACC55602-E13E-4E97-B3AC-4906FF2169C0}"
EndProject
Global
	GlobalSection(SolutionConfigurationPlatforms) = preSolution
		Debug|Any CPU = Debug|Any CPU
		Release|Any CPU = Release|Any CPU
	EndGlobalSection
	GlobalSection(ProjectConfigurationPlatforms) = postSolution
		{ACC55602-E13E-4E97-B3AC-4906FF2169C0}.Debug|Any CPU.ActiveCfg = Debug|Any CPU
		{ACC55602-E13E-4E97-B3AC-4906FF2169C0}.Debug|Any CPU.Build.0 = Debug|Any CPU
		{ACC55602-E13E-4E97-B3AC-4906FF2169C0}.Release|Any CPU.ActiveCfg = Release|Any CPU
		{ACC55602-E13E-4E97-B3AC-4906FF2169C0}.Release|Any CPU.Build.0 = Release|Any CPU
	EndGlobalSection
	GlobalSection(SolutionProperties) = preSolution
		HideSolutionNode = FALSE
	EndGlobalSection
	GlobalSection(ExtensibilityGlobals) = postSolution
		SolutionGuid = {072E155D-EF72-4ABC-825C-402FBAF8D40E}
	EndGlobalSection
EndGlobal
